dependencies:
- name: nats
  repository: file://../nats
  version: 0.8.4
- name: redis
  repository: file://../redis
  version: 0.7.1
- name: provisioner-dhcp
  repository: file://../provisioner-dhcp
  version: 0.2.0
- name: provisioner
  repository: file://../provisioner
  version: 0.11.2
- name: ntp-server
  repository: file://../ntp-server
  version: 0.2.0
- name: configurator
  repository: file://../configurator
  version: 0.3.0
- name: 4g-radio-controller
  repository: file://../4g-radio-controller
  version: 3.1.0
- name: acc-l2-update
  repository: file://../acc-l2-update
  version: 3.1.0
digest: sha256:0333ef1b73897fca297dadb2b08a19c8ba5f3c571a16a91d62732626ea79db05
generated: "2022-09-29T14:02:38.348079981+02:00"
