dependencies:
- name: nats
  repository: file://../nats
  version: 0.8.4
- name: redis
  repository: file://../redis
  version: 0.7.0
- name: provisioner-dhcp
  repository: file://../provisioner-dhcp
  version: 0.2.0
- name: provisioner
  repository: file://../provisioner
  version: 0.11.2
- name: ntp-server
  repository: file://../ntp-server
  version: 0.2.0
- name: configurator
  repository: file://../configurator
  version: 0.3.0
- name: 4g-radio-controller
  repository: file://../4g-radio-controller
  version: 3.1.0
- name: acc-l2-update
  repository: file://../acc-l2-update
  version: 3.1.0
digest: sha256:b8211eaae47065b1efb1d1f0f13b108c3a21c30b86fc32f1a75cf761b3a18373
generated: "2022-09-27T15:20:38.255026221+02:00"
