dependencies:
- name: nats
  repository: https://accelleran.github.io/helm-charts/
  version: 0.1.0
- name: redis
  repository: https://accelleran.github.io/helm-charts/
  version: 0.3.0
- name: provisioner-dhcp
  repository: https://accelleran.github.io/helm-charts/
  version: 0.1.1
- name: provisioner
  repository: https://accelleran.github.io/helm-charts/
  version: 0.7.0
digest: sha256:ce3dc9399e6443534926f6a6156c799972ef7c7e227d7d354ce2fbe082c4789c
generated: "2020-04-20T13:47:29.642074563Z"
