dependencies:
- name: druid
  repository: https://accelleran.github.io/helm-charts/
  version: 0.4.2
- name: kafka
  repository: https://accelleran.github.io/helm-charts/
  version: 0.20.9
- name: nkafka-helm
  repository: https://accelleran.github.io/helm-charts/
  version: 0.3.1
- name: acc-sys-dashboard
  repository: https://accelleran.github.io/helm-charts/
  version: 1.6.2
- name: dash-front-back-end
  repository: https://accelleran.github.io/helm-charts/
  version: 0.15.1
- name: loki-stack
  repository: https://accelleran.github.io/helm-charts/
  version: 0.36.2
- name: acc-service-monitor
  repository: https://accelleran.github.io/helm-charts/
  version: 0.3.0
- name: acc-service-orchestrator
  repository: https://accelleran.github.io/helm-charts/
  version: 0.4.0
digest: sha256:337b99b64ca60f29db408a682245a12ae590f14c6693ccf1cf79f6395d6ae340
generated: "2020-08-31T15:44:57.583777391Z"
