dependencies:
- name: oauth2-proxy
  repository: https://oauth2-proxy.github.io/manifests/
  version: 5.0.6
- name: ingress-nginx
  repository: https://kubernetes.github.io/ingress-nginx
  version: 4.0.16
digest: sha256:2d9ad68c0e9ce60ebac9de65d40bbfc531b2eaea7983ed6b219616a1c9de3410
generated: "2022-02-03T14:09:16.550157612+01:00"
