dependencies:
- name: nats
  repository: https://accelleran.github.io/helm-charts/
  version: 0.1.0
- name: redis
  repository: https://accelleran.github.io/helm-charts/
  version: 0.3.0
- name: provisioner-dhcp
  repository: https://accelleran.github.io/helm-charts/
  version: 0.1.2
- name: provisioner
  repository: https://accelleran.github.io/helm-charts/
  version: 0.6.0
digest: sha256:598290f32b35ca7b545b584d0157b622dbfeb6baf85b0d9bc84cdae7abd4a7a2
generated: "2020-04-21T20:28:02.682607598Z"
