dependencies:
- name: nats
  repository: https://accelleran.github.io/helm-charts/
  version: 0.1.0
- name: redis
  repository: https://accelleran.github.io/helm-charts/
  version: 0.4.2
- name: provisioner-dhcp
  repository: https://accelleran.github.io/helm-charts/
  version: 0.1.3
- name: provisioner
  repository: https://accelleran.github.io/helm-charts/
  version: 0.8.0
- name: ntp-server
  repository: https://accelleran.github.io/helm-charts/
  version: 0.1.0
- name: acc-service-monitor
  repository: https://accelleran.github.io/helm-charts/
  version: 0.1.0
- name: configurator
  repository: https://accelleran.github.io/helm-charts/
  version: 0.2.0
- name: oran-clustercontrol
  repository: https://accelleran.github.io/helm-charts/
  version: 0.1.0
digest: sha256:865a510ba7ad9c6ccd71e6fbcbd0677a4462c19cfbd5ac848ba38c16dd3ae740
generated: "2020-06-12T09:14:02.914554508Z"
